// !$*UTF8*$!
{
	archiveVersion = 1;
	classes = {
	};
	objectVersion = 46;
	objects = {

/* Begin PBXBuildFile section */
		1C58071A188DB3A6008E5186 /* UIKit.framework in Frameworks */ = {isa = PBXBuildFile; fileRef = 1C580719188DB3A6008E5186 /* UIKit.framework */; };
		1C58071C188DB3A6008E5186 /* Foundation.framework in Frameworks */ = {isa = PBXBuildFile; fileRef = 1C58071B188DB3A6008E5186 /* Foundation.framework */; };
		1C58071E188DB3A6008E5186 /* CoreGraphics.framework in Frameworks */ = {isa = PBXBuildFile; fileRef = 1C58071D188DB3A6008E5186 /* CoreGraphics.framework */; };
		1C580724188DB3A6008E5186 /* InfoPlist.strings in Resources */ = {isa = PBXBuildFile; fileRef = 1C580722188DB3A6008E5186 /* InfoPlist.strings */; };
		1C580726188DB3A6008E5186 /* main.m in Sources */ = {isa = PBXBuildFile; fileRef = 1C580725188DB3A6008E5186 /* main.m */; };
		1C58072A188DB3A6008E5186 /* RMAppDelegate.m in Sources */ = {isa = PBXBuildFile; fileRef = 1C580729188DB3A6008E5186 /* RMAppDelegate.m */; };
		1C58072C188DB3A7008E5186 /* Default.png in Resources */ = {isa = PBXBuildFile; fileRef = 1C58072B188DB3A7008E5186 /* Default.png */; };
		1C58072E188DB3A7008E5186 /* Default@2x.png in Resources */ = {isa = PBXBuildFile; fileRef = 1C58072D188DB3A7008E5186 /* Default@2x.png */; };
		1C580730188DB3A7008E5186 /* Default-568h@2x.png in Resources */ = {isa = PBXBuildFile; fileRef = 1C58072F188DB3A7008E5186 /* Default-568h@2x.png */; };
		1C580738188DB3F1008E5186 /* RMColorTilt.m in Sources */ = {isa = PBXBuildFile; fileRef = 1C580737188DB3F1008E5186 /* RMColorTilt.m */; };
		1C58073A188DB794008E5186 /* CoreMotion.framework in Frameworks */ = {isa = PBXBuildFile; fileRef = 1C580739188DB794008E5186 /* CoreMotion.framework */; };
		1C7D02D118AC196F00B9C328 /* RMAutoLayoutTableViewController.m in Sources */ = {isa = PBXBuildFile; fileRef = 1C7D02D018AC196F00B9C328 /* RMAutoLayoutTableViewController.m */; };
		1C7D02D418AC1A1000B9C328 /* RMDynamicItemCell.m in Sources */ = {isa = PBXBuildFile; fileRef = 1C7D02D318AC1A1000B9C328 /* RMDynamicItemCell.m */; };
		1C7D02D718AC1AB200B9C328 /* RMDynamicItemCell.xib in Resources */ = {isa = PBXBuildFile; fileRef = 1C7D02D618AC1AB200B9C328 /* RMDynamicItemCell.xib */; };
		1C7D02D918AD5C1700B9C328 /* RMTextViewCell.xib in Resources */ = {isa = PBXBuildFile; fileRef = 1C7D02D818AD5C1700B9C328 /* RMTextViewCell.xib */; };
		1C7D02DC18AD5C3B00B9C328 /* RMTextViewCell.m in Sources */ = {isa = PBXBuildFile; fileRef = 1C7D02DB18AD5C3B00B9C328 /* RMTextViewCell.m */; };
		1C7D02DF18AD5CF400B9C328 /* RMTextViewTableViewController.m in Sources */ = {isa = PBXBuildFile; fileRef = 1C7D02DE18AD5CF400B9C328 /* RMTextViewTableViewController.m */; };
		1C7D02E318B1597400B9C328 /* RMColorMathViewController.m in Sources */ = {isa = PBXBuildFile; fileRef = 1C7D02E118B1597400B9C328 /* RMColorMathViewController.m */; };
		1C7D02E418B1597400B9C328 /* RMColorMathViewController.xib in Resources */ = {isa = PBXBuildFile; fileRef = 1C7D02E218B1597400B9C328 /* RMColorMathViewController.xib */; };
		1C7D02E718B15DAE00B9C328 /* KeyValueObserver.m in Sources */ = {isa = PBXBuildFile; fileRef = 1C7D02E618B15DAE00B9C328 /* KeyValueObserver.m */; };
		1C99BFDE18A58DB000F3735D /* RMMenuViewController.m in Sources */ = {isa = PBXBuildFile; fileRef = 1C99BFDC18A58DB000F3735D /* RMMenuViewController.m */; };
		1C99BFDF18A58DB000F3735D /* RMMenuViewController.xib in Resources */ = {isa = PBXBuildFile; fileRef = 1C99BFDD18A58DB000F3735D /* RMMenuViewController.xib */; };
		1C99BFE418A595AD00F3735D /* RMAutoLayoutViewController.m in Sources */ = {isa = PBXBuildFile; fileRef = 1C99BFE218A595AD00F3735D /* RMAutoLayoutViewController.m */; };
		1C99BFE518A595AD00F3735D /* RMAutoLayoutViewController.xib in Resources */ = {isa = PBXBuildFile; fileRef = 1C99BFE318A595AD00F3735D /* RMAutoLayoutViewController.xib */; };
		1C99BFE818A5981E00F3735D /* iPhone-Launch@2x.png in Resources */ = {isa = PBXBuildFile; fileRef = 1C99BFE718A5981E00F3735D /* iPhone-Launch@2x.png */; };
		1C99BFEA18A59CC300F3735D /* Images.xcassets in Resources */ = {isa = PBXBuildFile; fileRef = 1C99BFE918A59CC300F3735D /* Images.xcassets */; };
/* End PBXBuildFile section */

/* Begin PBXFileReference section */
		1C580716188DB3A6008E5186 /* ColorTilt.app */ = {isa = PBXFileReference; explicitFileType = wrapper.application; includeInIndex = 0; path = ColorTilt.app; sourceTree = BUILT_PRODUCTS_DIR; };
		1C580719188DB3A6008E5186 /* UIKit.framework */ = {isa = PBXFileReference; lastKnownFileType = wrapper.framework; name = UIKit.framework; path = System/Library/Frameworks/UIKit.framework; sourceTree = SDKROOT; };
		1C58071B188DB3A6008E5186 /* Foundation.framework */ = {isa = PBXFileReference; lastKnownFileType = wrapper.framework; name = Foundation.framework; path = System/Library/Frameworks/Foundation.framework; sourceTree = SDKROOT; };
		1C58071D188DB3A6008E5186 /* CoreGraphics.framework */ = {isa = PBXFileReference; lastKnownFileType = wrapper.framework; name = CoreGraphics.framework; path = System/Library/Frameworks/CoreGraphics.framework; sourceTree = SDKROOT; };
		1C580721188DB3A6008E5186 /* ColorTilt-Info.plist */ = {isa = PBXFileReference; lastKnownFileType = text.plist.xml; path = "ColorTilt-Info.plist"; sourceTree = "<group>"; };
		1C580723188DB3A6008E5186 /* en */ = {isa = PBXFileReference; lastKnownFileType = text.plist.strings; name = en; path = en.lproj/InfoPlist.strings; sourceTree = "<group>"; };
		1C580725188DB3A6008E5186 /* main.m */ = {isa = PBXFileReference; lastKnownFileType = sourcecode.c.objc; path = main.m; sourceTree = "<group>"; };
		1C580727188DB3A6008E5186 /* ColorTilt-Prefix.pch */ = {isa = PBXFileReference; lastKnownFileType = sourcecode.c.h; path = "ColorTilt-Prefix.pch"; sourceTree = "<group>"; };
		1C580728188DB3A6008E5186 /* RMAppDelegate.h */ = {isa = PBXFileReference; lastKnownFileType = sourcecode.c.h; path = RMAppDelegate.h; sourceTree = "<group>"; };
		1C580729188DB3A6008E5186 /* RMAppDelegate.m */ = {isa = PBXFileReference; lastKnownFileType = sourcecode.c.objc; path = RMAppDelegate.m; sourceTree = "<group>"; };
		1C58072B188DB3A7008E5186 /* Default.png */ = {isa = PBXFileReference; lastKnownFileType = image.png; path = Default.png; sourceTree = "<group>"; };
		1C58072D188DB3A7008E5186 /* Default@2x.png */ = {isa = PBXFileReference; lastKnownFileType = image.png; path = "Default@2x.png"; sourceTree = "<group>"; };
		1C58072F188DB3A7008E5186 /* Default-568h@2x.png */ = {isa = PBXFileReference; lastKnownFileType = image.png; path = "Default-568h@2x.png"; sourceTree = "<group>"; };
		1C580736188DB3F1008E5186 /* RMColorTilt.h */ = {isa = PBXFileReference; fileEncoding = 4; lastKnownFileType = sourcecode.c.h; name = RMColorTilt.h; path = Views/RMColorTilt.h; sourceTree = "<group>"; };
		1C580737188DB3F1008E5186 /* RMColorTilt.m */ = {isa = PBXFileReference; fileEncoding = 4; lastKnownFileType = sourcecode.c.objc; name = RMColorTilt.m; path = Views/RMColorTilt.m; sourceTree = "<group>"; };
		1C580739188DB794008E5186 /* CoreMotion.framework */ = {isa = PBXFileReference; lastKnownFileType = wrapper.framework; name = CoreMotion.framework; path = System/Library/Frameworks/CoreMotion.framework; sourceTree = SDKROOT; };
		1C7D02CF18AC196F00B9C328 /* RMAutoLayoutTableViewController.h */ = {isa = PBXFileReference; fileEncoding = 4; lastKnownFileType = sourcecode.c.h; name = RMAutoLayoutTableViewController.h; path = ViewControllers/RMAutoLayoutTableViewController.h; sourceTree = "<group>"; };
		1C7D02D018AC196F00B9C328 /* RMAutoLayoutTableViewController.m */ = {isa = PBXFileReference; fileEncoding = 4; lastKnownFileType = sourcecode.c.objc; name = RMAutoLayoutTableViewController.m; path = ViewControllers/RMAutoLayoutTableViewController.m; sourceTree = "<group>"; };
		1C7D02D218AC1A1000B9C328 /* RMDynamicItemCell.h */ = {isa = PBXFileReference; fileEncoding = 4; lastKnownFileType = sourcecode.c.h; name = RMDynamicItemCell.h; path = Views/RMDynamicItemCell.h; sourceTree = "<group>"; };
		1C7D02D318AC1A1000B9C328 /* RMDynamicItemCell.m */ = {isa = PBXFileReference; fileEncoding = 4; lastKnownFileType = sourcecode.c.objc; name = RMDynamicItemCell.m; path = Views/RMDynamicItemCell.m; sourceTree = "<group>"; };
		1C7D02D618AC1AB200B9C328 /* RMDynamicItemCell.xib */ = {isa = PBXFileReference; fileEncoding = 4; lastKnownFileType = file.xib; path = RMDynamicItemCell.xib; sourceTree = "<group>"; };
		1C7D02D818AD5C1700B9C328 /* RMTextViewCell.xib */ = {isa = PBXFileReference; fileEncoding = 4; lastKnownFileType = file.xib; name = RMTextViewCell.xib; path = Views/RMTextViewCell.xib; sourceTree = "<group>"; };
		1C7D02DA18AD5C3B00B9C328 /* RMTextViewCell.h */ = {isa = PBXFileReference; fileEncoding = 4; lastKnownFileType = sourcecode.c.h; name = RMTextViewCell.h; path = Views/RMTextViewCell.h; sourceTree = "<group>"; };
		1C7D02DB18AD5C3B00B9C328 /* RMTextViewCell.m */ = {isa = PBXFileReference; fileEncoding = 4; lastKnownFileType = sourcecode.c.objc; name = RMTextViewCell.m; path = Views/RMTextViewCell.m; sourceTree = "<group>"; };
		1C7D02DD18AD5CF400B9C328 /* RMTextViewTableViewController.h */ = {isa = PBXFileReference; fileEncoding = 4; lastKnownFileType = sourcecode.c.h; name = RMTextViewTableViewController.h; path = ViewControllers/RMTextViewTableViewController.h; sourceTree = "<group>"; };
		1C7D02DE18AD5CF400B9C328 /* RMTextViewTableViewController.m */ = {isa = PBXFileReference; fileEncoding = 4; lastKnownFileType = sourcecode.c.objc; name = RMTextViewTableViewController.m; path = ViewControllers/RMTextViewTableViewController.m; sourceTree = "<group>"; };
		1C7D02E018B1597400B9C328 /* RMColorMathViewController.h */ = {isa = PBXFileReference; fileEncoding = 4; lastKnownFileType = sourcecode.c.h; name = RMColorMathViewController.h; path = ViewControllers/RMColorMathViewController.h; sourceTree = "<group>"; };
		1C7D02E118B1597400B9C328 /* RMColorMathViewController.m */ = {isa = PBXFileReference; fileEncoding = 4; lastKnownFileType = sourcecode.c.objc; name = RMColorMathViewController.m; path = ViewControllers/RMColorMathViewController.m; sourceTree = "<group>"; };
		1C7D02E218B1597400B9C328 /* RMColorMathViewController.xib */ = {isa = PBXFileReference; fileEncoding = 4; lastKnownFileType = file.xib; name = RMColorMathViewController.xib; path = ViewControllers/RMColorMathViewController.xib; sourceTree = "<group>"; };
		1C7D02E518B15DAE00B9C328 /* KeyValueObserver.h */ = {isa = PBXFileReference; fileEncoding = 4; lastKnownFileType = sourcecode.c.h; path = KeyValueObserver.h; sourceTree = "<group>"; };
		1C7D02E618B15DAE00B9C328 /* KeyValueObserver.m */ = {isa = PBXFileReference; fileEncoding = 4; lastKnownFileType = sourcecode.c.objc; path = KeyValueObserver.m; sourceTree = "<group>"; };
		1C99BFDB18A58DB000F3735D /* RMMenuViewController.h */ = {isa = PBXFileReference; fileEncoding = 4; lastKnownFileType = sourcecode.c.h; name = RMMenuViewController.h; path = ViewControllers/RMMenuViewController.h; sourceTree = "<group>"; };
		1C99BFDC18A58DB000F3735D /* RMMenuViewController.m */ = {isa = PBXFileReference; fileEncoding = 4; lastKnownFileType = sourcecode.c.objc; name = RMMenuViewController.m; path = ViewControllers/RMMenuViewController.m; sourceTree = "<group>"; };
		1C99BFDD18A58DB000F3735D /* RMMenuViewController.xib */ = {isa = PBXFileReference; fileEncoding = 4; lastKnownFileType = file.xib; name = RMMenuViewController.xib; path = ViewControllers/RMMenuViewController.xib; sourceTree = "<group>"; };
		1C99BFE118A595AD00F3735D /* RMAutoLayoutViewController.h */ = {isa = PBXFileReference; fileEncoding = 4; lastKnownFileType = sourcecode.c.h; name = RMAutoLayoutViewController.h; path = ViewControllers/RMAutoLayoutViewController.h; sourceTree = "<group>"; };
		1C99BFE218A595AD00F3735D /* RMAutoLayoutViewController.m */ = {isa = PBXFileReference; fileEncoding = 4; lastKnownFileType = sourcecode.c.objc; name = RMAutoLayoutViewController.m; path = ViewControllers/RMAutoLayoutViewController.m; sourceTree = "<group>"; };
		1C99BFE318A595AD00F3735D /* RMAutoLayoutViewController.xib */ = {isa = PBXFileReference; fileEncoding = 4; lastKnownFileType = file.xib; name = RMAutoLayoutViewController.xib; path = ViewControllers/RMAutoLayoutViewController.xib; sourceTree = "<group>"; };
		1C99BFE718A5981E00F3735D /* iPhone-Launch@2x.png */ = {isa = PBXFileReference; lastKnownFileType = image.png; path = "iPhone-Launch@2x.png"; sourceTree = "<group>"; };
		1C99BFE918A59CC300F3735D /* Images.xcassets */ = {isa = PBXFileReference; lastKnownFileType = folder.assetcatalog; path = Images.xcassets; sourceTree = "<group>"; };
/* End PBXFileReference section */

/* Begin PBXFrameworksBuildPhase section */
		1C580713188DB3A6008E5186 /* Frameworks */ = {
			isa = PBXFrameworksBuildPhase;
			buildActionMask = 2147483647;
			files = (
				1C58073A188DB794008E5186 /* CoreMotion.framework in Frameworks */,
				1C58071A188DB3A6008E5186 /* UIKit.framework in Frameworks */,
				1C58071C188DB3A6008E5186 /* Foundation.framework in Frameworks */,
				1C58071E188DB3A6008E5186 /* CoreGraphics.framework in Frameworks */,
			);
			runOnlyForDeploymentPostprocessing = 0;
		};
/* End PBXFrameworksBuildPhase section */

/* Begin PBXGroup section */
		1C58070D188DB3A6008E5186 = {
			isa = PBXGroup;
			children = (
				1C99BFE718A5981E00F3735D /* iPhone-Launch@2x.png */,
				1C58071F188DB3A6008E5186 /* ColorTilt */,
				1C580718188DB3A6008E5186 /* Frameworks */,
				1C580717188DB3A6008E5186 /* Products */,
			);
			sourceTree = "<group>";
		};
		1C580717188DB3A6008E5186 /* Products */ = {
			isa = PBXGroup;
			children = (
				1C580716188DB3A6008E5186 /* ColorTilt.app */,
			);
			name = Products;
			sourceTree = "<group>";
		};
		1C580718188DB3A6008E5186 /* Frameworks */ = {
			isa = PBXGroup;
			children = (
				1C580719188DB3A6008E5186 /* UIKit.framework */,
				1C58071B188DB3A6008E5186 /* Foundation.framework */,
				1C58071D188DB3A6008E5186 /* CoreGraphics.framework */,
				1C580739188DB794008E5186 /* CoreMotion.framework */,
			);
			name = Frameworks;
			sourceTree = "<group>";
		};
		1C58071F188DB3A6008E5186 /* ColorTilt */ = {
			isa = PBXGroup;
			children = (
				1C7D02E818B15DBC00B9C328 /* Helper Classes */,
				1C580720188DB3A6008E5186 /* Supporting Files */,
				1C580728188DB3A6008E5186 /* RMAppDelegate.h */,
				1C580729188DB3A6008E5186 /* RMAppDelegate.m */,
				1C580736188DB3F1008E5186 /* RMColorTilt.h */,
				1C580737188DB3F1008E5186 /* RMColorTilt.m */,
				1C99BFE018A58FBE00F3735D /* Menu */,
				1C99BFE618A5978B00F3735D /* ViewControllers */,
				1C7D02D518AC1A7A00B9C328 /* Cell */,
				1C99BFE918A59CC300F3735D /* Images.xcassets */,
			);
			path = ColorTilt;
			sourceTree = "<group>";
		};
		1C580720188DB3A6008E5186 /* Supporting Files */ = {
			isa = PBXGroup;
			children = (
				1C580721188DB3A6008E5186 /* ColorTilt-Info.plist */,
				1C580722188DB3A6008E5186 /* InfoPlist.strings */,
				1C580725188DB3A6008E5186 /* main.m */,
				1C580727188DB3A6008E5186 /* ColorTilt-Prefix.pch */,
				1C58072B188DB3A7008E5186 /* Default.png */,
				1C58072D188DB3A7008E5186 /* Default@2x.png */,
				1C58072F188DB3A7008E5186 /* Default-568h@2x.png */,
			);
			name = "Supporting Files";
			sourceTree = "<group>";
		};
		1C7D02D518AC1A7A00B9C328 /* Cell */ = {
			isa = PBXGroup;
			children = (
				1C7D02D218AC1A1000B9C328 /* RMDynamicItemCell.h */,
				1C7D02D318AC1A1000B9C328 /* RMDynamicItemCell.m */,
				1C7D02D618AC1AB200B9C328 /* RMDynamicItemCell.xib */,
				1C7D02D818AD5C1700B9C328 /* RMTextViewCell.xib */,
				1C7D02DA18AD5C3B00B9C328 /* RMTextViewCell.h */,
				1C7D02DB18AD5C3B00B9C328 /* RMTextViewCell.m */,
			);
			name = Cell;
			sourceTree = "<group>";
		};
		1C7D02E818B15DBC00B9C328 /* Helper Classes */ = {
			isa = PBXGroup;
			children = (
				1C7D02E518B15DAE00B9C328 /* KeyValueObserver.h */,
				1C7D02E618B15DAE00B9C328 /* KeyValueObserver.m */,
			);
			name = "Helper Classes";
			sourceTree = "<group>";
		};
		1C99BFE018A58FBE00F3735D /* Menu */ = {
			isa = PBXGroup;
			children = (
				1C99BFDB18A58DB000F3735D /* RMMenuViewController.h */,
				1C99BFDC18A58DB000F3735D /* RMMenuViewController.m */,
				1C99BFDD18A58DB000F3735D /* RMMenuViewController.xib */,
			);
			name = Menu;
			sourceTree = "<group>";
		};
		1C99BFE618A5978B00F3735D /* ViewControllers */ = {
			isa = PBXGroup;
			children = (
				1C99BFE118A595AD00F3735D /* RMAutoLayoutViewController.h */,
				1C99BFE218A595AD00F3735D /* RMAutoLayoutViewController.m */,
				1C99BFE318A595AD00F3735D /* RMAutoLayoutViewController.xib */,
				1C7D02CF18AC196F00B9C328 /* RMAutoLayoutTableViewController.h */,
				1C7D02D018AC196F00B9C328 /* RMAutoLayoutTableViewController.m */,
				1C7D02DD18AD5CF400B9C328 /* RMTextViewTableViewController.h */,
				1C7D02DE18AD5CF400B9C328 /* RMTextViewTableViewController.m */,
				1C7D02E018B1597400B9C328 /* RMColorMathViewController.h */,
				1C7D02E118B1597400B9C328 /* RMColorMathViewController.m */,
				1C7D02E218B1597400B9C328 /* RMColorMathViewController.xib */,
			);
			name = ViewControllers;
			sourceTree = "<group>";
		};
/* End PBXGroup section */

/* Begin PBXNativeTarget section */
		1C580715188DB3A6008E5186 /* ColorTilt */ = {
			isa = PBXNativeTarget;
			buildConfigurationList = 1C580733188DB3A7008E5186 /* Build configuration list for PBXNativeTarget "ColorTilt" */;
			buildPhases = (
				1C580712188DB3A6008E5186 /* Sources */,
				1C580713188DB3A6008E5186 /* Frameworks */,
				1C580714188DB3A6008E5186 /* Resources */,
			);
			buildRules = (
			);
			dependencies = (
			);
			name = ColorTilt;
			productName = ColorTilt;
			productReference = 1C580716188DB3A6008E5186 /* ColorTilt.app */;
			productType = "com.apple.product-type.application";
		};
/* End PBXNativeTarget section */

/* Begin PBXProject section */
		1C58070E188DB3A6008E5186 /* Project object */ = {
			isa = PBXProject;
			attributes = {
				CLASSPREFIX = RM;
				LastUpgradeCheck = 0460;
				ORGANIZATIONNAME = "Ryan Mathews";
			};
			buildConfigurationList = 1C580711188DB3A6008E5186 /* Build configuration list for PBXProject "ColorTilt" */;
			compatibilityVersion = "Xcode 3.2";
			developmentRegion = English;
			hasScannedForEncodings = 0;
			knownRegions = (
				en,
			);
			mainGroup = 1C58070D188DB3A6008E5186;
			productRefGroup = 1C580717188DB3A6008E5186 /* Products */;
			projectDirPath = "";
			projectRoot = "";
			targets = (
				1C580715188DB3A6008E5186 /* ColorTilt */,
			);
		};
/* End PBXProject section */

/* Begin PBXResourcesBuildPhase section */
		1C580714188DB3A6008E5186 /* Resources */ = {
			isa = PBXResourcesBuildPhase;
			buildActionMask = 2147483647;
			files = (
				1C580724188DB3A6008E5186 /* InfoPlist.strings in Resources */,
				1C99BFEA18A59CC300F3735D /* Images.xcassets in Resources */,
				1C99BFE818A5981E00F3735D /* iPhone-Launch@2x.png in Resources */,
				1C7D02E418B1597400B9C328 /* RMColorMathViewController.xib in Resources */,
				1C58072C188DB3A7008E5186 /* Default.png in Resources */,
				1C99BFE518A595AD00F3735D /* RMAutoLayoutViewController.xib in Resources */,
				1C99BFDF18A58DB000F3735D /* RMMenuViewController.xib in Resources */,
				1C58072E188DB3A7008E5186 /* Default@2x.png in Resources */,
				1C580730188DB3A7008E5186 /* Default-568h@2x.png in Resources */,
				1C7D02D918AD5C1700B9C328 /* RMTextViewCell.xib in Resources */,
				1C7D02D718AC1AB200B9C328 /* RMDynamicItemCell.xib in Resources */,
			);
			runOnlyForDeploymentPostprocessing = 0;
		};
/* End PBXResourcesBuildPhase section */

/* Begin PBXSourcesBuildPhase section */
		1C580712188DB3A6008E5186 /* Sources */ = {
			isa = PBXSourcesBuildPhase;
			buildActionMask = 2147483647;
			files = (
				1C99BFE418A595AD00F3735D /* RMAutoLayoutViewController.m in Sources */,
				1C99BFDE18A58DB000F3735D /* RMMenuViewController.m in Sources */,
				1C7D02DC18AD5C3B00B9C328 /* RMTextViewCell.m in Sources */,
				1C7D02E318B1597400B9C328 /* RMColorMathViewController.m in Sources */,
				1C7D02E718B15DAE00B9C328 /* KeyValueObserver.m in Sources */,
				1C580726188DB3A6008E5186 /* main.m in Sources */,
				1C7D02D418AC1A1000B9C328 /* RMDynamicItemCell.m in Sources */,
				1C58072A188DB3A6008E5186 /* RMAppDelegate.m in Sources */,
				1C7D02DF18AD5CF400B9C328 /* RMTextViewTableViewController.m in Sources */,
				1C580738188DB3F1008E5186 /* RMColorTilt.m in Sources */,
				1C7D02D118AC196F00B9C328 /* RMAutoLayoutTableViewController.m in Sources */,
			);
			runOnlyForDeploymentPostprocessing = 0;
		};
/* End PBXSourcesBuildPhase section */

/* Begin PBXVariantGroup section */
		1C580722188DB3A6008E5186 /* InfoPlist.strings */ = {
			isa = PBXVariantGroup;
			children = (
				1C580723188DB3A6008E5186 /* en */,
			);
			name = InfoPlist.strings;
			sourceTree = "<group>";
		};
/* End PBXVariantGroup section */

/* Begin XCBuildConfiguration section */
		1C580731188DB3A7008E5186 /* Debug */ = {
			isa = XCBuildConfiguration;
			buildSettings = {
				ALWAYS_SEARCH_USER_PATHS = NO;
				CLANG_CXX_LANGUAGE_STANDARD = "gnu++0x";
				CLANG_CXX_LIBRARY = "libc++";
				CLANG_ENABLE_OBJC_ARC = YES;
				CLANG_WARN_CONSTANT_CONVERSION = YES;
				CLANG_WARN_EMPTY_BODY = YES;
				CLANG_WARN_ENUM_CONVERSION = YES;
				CLANG_WARN_INT_CONVERSION = YES;
				CLANG_WARN__DUPLICATE_METHOD_MATCH = YES;
				"CODE_SIGN_IDENTITY[sdk=iphoneos*]" = "iPhone Developer";
				COPY_PHASE_STRIP = NO;
				GCC_C_LANGUAGE_STANDARD = gnu99;
				GCC_DYNAMIC_NO_PIC = NO;
				GCC_OPTIMIZATION_LEVEL = 0;
				GCC_PREPROCESSOR_DEFINITIONS = (
					"DEBUG=1",
					"$(inherited)",
				);
				GCC_SYMBOLS_PRIVATE_EXTERN = NO;
				GCC_WARN_ABOUT_RETURN_TYPE = YES;
				GCC_WARN_UNINITIALIZED_AUTOS = YES;
				GCC_WARN_UNUSED_VARIABLE = YES;
				IPHONEOS_DEPLOYMENT_TARGET = 6.1;
				ONLY_ACTIVE_ARCH = YES;
				SDKROOT = iphoneos;
				TARGETED_DEVICE_FAMILY = "1,2";
			};
			name = Debug;
		};
		1C580732188DB3A7008E5186 /* Release */ = {
			isa = XCBuildConfiguration;
			buildSettings = {
				ALWAYS_SEARCH_USER_PATHS = NO;
				CLANG_CXX_LANGUAGE_STANDARD = "gnu++0x";
				CLANG_CXX_LIBRARY = "libc++";
				CLANG_ENABLE_OBJC_ARC = YES;
				CLANG_WARN_CONSTANT_CONVERSION = YES;
				CLANG_WARN_EMPTY_BODY = YES;
				CLANG_WARN_ENUM_CONVERSION = YES;
				CLANG_WARN_INT_CONVERSION = YES;
				CLANG_WARN__DUPLICATE_METHOD_MATCH = YES;
				"CODE_SIGN_IDENTITY[sdk=iphoneos*]" = "iPhone Developer";
				COPY_PHASE_STRIP = YES;
				GCC_C_LANGUAGE_STANDARD = gnu99;
				GCC_WARN_ABOUT_RETURN_TYPE = YES;
				GCC_WARN_UNINITIALIZED_AUTOS = YES;
				GCC_WARN_UNUSED_VARIABLE = YES;
				IPHONEOS_DEPLOYMENT_TARGET = 6.1;
				OTHER_CFLAGS = "-DNS_BLOCK_ASSERTIONS=1";
				SDKROOT = iphoneos;
				TARGETED_DEVICE_FAMILY = "1,2";
				VALIDATE_PRODUCT = YES;
			};
			name = Release;
		};
		1C580734188DB3A7008E5186 /* Debug */ = {
			isa = XCBuildConfiguration;
			buildSettings = {
				ASSETCATALOG_COMPILER_APPICON_NAME = AppIcon;
				ASSETCATALOG_COMPILER_LAUNCHIMAGE_NAME = LaunchImage;
				GCC_PRECOMPILE_PREFIX_HEADER = YES;
				GCC_PREFIX_HEADER = "ColorTilt/ColorTilt-Prefix.pch";
				INFOPLIST_FILE = "ColorTilt/ColorTilt-Info.plist";
				PRODUCT_NAME = "$(TARGET_NAME)";
				WRAPPER_EXTENSION = app;
			};
			name = Debug;
		};
		1C580735188DB3A7008E5186 /* Release */ = {
			isa = XCBuildConfiguration;
			buildSettings = {
				ASSETCATALOG_COMPILER_APPICON_NAME = AppIcon;
				ASSETCATALOG_COMPILER_LAUNCHIMAGE_NAME = LaunchImage;
				GCC_PRECOMPILE_PREFIX_HEADER = YES;
				GCC_PREFIX_HEADER = "ColorTilt/ColorTilt-Prefix.pch";
				INFOPLIST_FILE = "ColorTilt/ColorTilt-Info.plist";
				PRODUCT_NAME = "$(TARGET_NAME)";
				WRAPPER_EXTENSION = app;
			};
			name = Release;
		};
/* End XCBuildConfiguration section */

/* Begin XCConfigurationList section */
		1C580711188DB3A6008E5186 /* Build configuration list for PBXProject "ColorTilt" */ = {
			isa = XCConfigurationList;
			buildConfigurations = (
				1C580731188DB3A7008E5186 /* Debug */,
				1C580732188DB3A7008E5186 /* Release */,
			);
			defaultConfigurationIsVisible = 0;
			defaultConfigurationName = Release;
		};
		1C580733188DB3A7008E5186 /* Build configuration list for PBXNativeTarget "ColorTilt" */ = {
			isa = XCConfigurationList;
			buildConfigurations = (
				1C580734188DB3A7008E5186 /* Debug */,
				1C580735188DB3A7008E5186 /* Release */,
			);
			defaultConfigurationIsVisible = 0;
			defaultConfigurationName = Release;
		};
/* End XCConfigurationList section */
	};
	rootObject = 1C58070E188DB3A6008E5186 /* Project object */;
}
